
Microsoft Visual Studio Solution File, Format Version 12.00
# Visual Studio Version 17
VisualStudioVersion = 17.9.34607.119
MinimumVisualStudioVersion = 10.0.40219.1
Project("{FAE04EC0-301F-11D3-BF4B-00C04F79EFBC}") = "Puzir sort", "Puzir sort\Puzir sort.csproj", "{3C8BEB42-7361-4462-B23A-47091090E375}"
EndProject
Global
	GlobalSection(SolutionConfigurationPlatforms) = preSolution
		Debug|Any CPU = Debug|Any CPU
		Release|Any CPU = Release|Any CPU
	EndGlobalSection
	GlobalSection(ProjectConfigurationPlatforms) = postSolution
		{3C8BEB42-7361-4462-B23A-47091090E375}.Debug|Any CPU.ActiveCfg = Debug|Any CPU
		{3C8BEB42-7361-4462-B23A-47091090E375}.Debug|Any CPU.Build.0 = Debug|Any CPU
		{3C8BEB42-7361-4462-B23A-47091090E375}.Release|Any CPU.ActiveCfg = Release|Any CPU
		{3C8BEB42-7361-4462-B23A-47091090E375}.Release|Any CPU.Build.0 = Release|Any CPU
	EndGlobalSection
	GlobalSection(SolutionProperties) = preSolution
		HideSolutionNode = FALSE
	EndGlobalSection
	GlobalSection(ExtensibilityGlobals) = postSolution
		SolutionGuid = {BCD35616-BDA4-41AC-A9D8-4F34F41188E6}
	EndGlobalSection
EndGlobal
